// !$*UTF8*$!
{
	archiveVersion = 1;
	classes = {
	};
	objectVersion = 56;
	objects = {

/* Begin PBXBuildFile section */
		B81ADD8A2CAFE3EA00780B4D /* AppDelegate.swift in Sources */ = {isa = PBXBuildFile; fileRef = B81ADD892CAFE3EA00780B4D /* AppDelegate.swift */; };
		B81ADD8C2CAFE3EA00780B4D /* SceneDelegate.swift in Sources */ = {isa = PBXBuildFile; fileRef = B81ADD8B2CAFE3EA00780B4D /* SceneDelegate.swift */; };
		B81ADD8E2CAFE3EA00780B4D /* ViewController.swift in Sources */ = {isa = PBXBuildFile; fileRef = B81ADD8D2CAFE3EA00780B4D /* ViewController.swift */; };
		B81ADD912CAFE3EA00780B4D /* Main.storyboard in Resources */ = {isa = PBXBuildFile; fileRef = B81ADD8F2CAFE3EA00780B4D /* Main.storyboard */; };
		B81ADD932CAFE3EC00780B4D /* Assets.xcassets in Resources */ = {isa = PBXBuildFile; fileRef = B81ADD922CAFE3EC00780B4D /* Assets.xcassets */; };
		B81ADD962CAFE3EC00780B4D /* LaunchScreen.storyboard in Resources */ = {isa = PBXBuildFile; fileRef = B81ADD942CAFE3EC00780B4D /* LaunchScreen.storyboard */; };
		B81ADD9E2CAFE44300780B4D /* Buttons.swift in Sources */ = {isa = PBXBuildFile; fileRef = B81ADD9D2CAFE44300780B4D /* Buttons.swift */; };
		B81ADDA12CAFF06400780B4D /* HeaderCell.swift in Sources */ = {isa = PBXBuildFile; fileRef = B81ADDA02CAFF06400780B4D /* HeaderCell.swift */; };
		B81ADDA42CAFFC9900780B4D /* ViewModel.swift in Sources */ = {isa = PBXBuildFile; fileRef = B81ADDA32CAFFC9900780B4D /* ViewModel.swift */; };
		B81ADDA72CB0103000780B4D /* Model.swift in Sources */ = {isa = PBXBuildFile; fileRef = B81ADDA62CB0103000780B4D /* Model.swift */; };
/* End PBXBuildFile section */

/* Begin PBXFileReference section */
		B81ADD862CAFE3EA00780B4D /* Calc.app */ = {isa = PBXFileReference; explicitFileType = wrapper.application; includeInIndex = 0; path = Calc.app; sourceTree = BUILT_PRODUCTS_DIR; };
		B81ADD892CAFE3EA00780B4D /* AppDelegate.swift */ = {isa = PBXFileReference; lastKnownFileType = sourcecode.swift; path = AppDelegate.swift; sourceTree = "<group>"; };
		B81ADD8B2CAFE3EA00780B4D /* SceneDelegate.swift */ = {isa = PBXFileReference; lastKnownFileType = sourcecode.swift; path = SceneDelegate.swift; sourceTree = "<group>"; };
		B81ADD8D2CAFE3EA00780B4D /* ViewController.swift */ = {isa = PBXFileReference; lastKnownFileType = sourcecode.swift; path = ViewController.swift; sourceTree = "<group>"; };
		B81ADD902CAFE3EA00780B4D /* Base */ = {isa = PBXFileReference; lastKnownFileType = file.storyboard; name = Base; path = Base.lproj/Main.storyboard; sourceTree = "<group>"; };
		B81ADD922CAFE3EC00780B4D /* Assets.xcassets */ = {isa = PBXFileReference; lastKnownFileType = folder.assetcatalog; path = Assets.xcassets; sourceTree = "<group>"; };
		B81ADD952CAFE3EC00780B4D /* Base */ = {isa = PBXFileReference; lastKnownFileType = file.storyboard; name = Base; path = Base.lproj/LaunchScreen.storyboard; sourceTree = "<group>"; };
		B81ADD972CAFE3EC00780B4D /* Info.plist */ = {isa = PBXFileReference; lastKnownFileType = text.plist.xml; path = Info.plist; sourceTree = "<group>"; };
		B81ADD9D2CAFE44300780B4D /* Buttons.swift */ = {isa = PBXFileReference; lastKnownFileType = sourcecode.swift; path = Buttons.swift; sourceTree = "<group>"; };
		B81ADDA02CAFF06400780B4D /* HeaderCell.swift */ = {isa = PBXFileReference; lastKnownFileType = sourcecode.swift; path = HeaderCell.swift; sourceTree = "<group>"; };
		B81ADDA32CAFFC9900780B4D /* ViewModel.swift */ = {isa = PBXFileReference; lastKnownFileType = sourcecode.swift; path = ViewModel.swift; sourceTree = "<group>"; };
		B81ADDA62CB0103000780B4D /* Model.swift */ = {isa = PBXFileReference; lastKnownFileType = sourcecode.swift; path = Model.swift; sourceTree = "<group>"; };
/* End PBXFileReference section */

/* Begin PBXFrameworksBuildPhase section */
		B81ADD832CAFE3EA00780B4D /* Frameworks */ = {
			isa = PBXFrameworksBuildPhase;
			buildActionMask = 2147483647;
			files = (
			);
			runOnlyForDeploymentPostprocessing = 0;
		};
/* End PBXFrameworksBuildPhase section */

/* Begin PBXGroup section */
		B81ADD7D2CAFE3EA00780B4D = {
			isa = PBXGroup;
			children = (
				B81ADD882CAFE3EA00780B4D /* Calc */,
				B81ADD872CAFE3EA00780B4D /* Products */,
			);
			sourceTree = "<group>";
		};
		B81ADD872CAFE3EA00780B4D /* Products */ = {
			isa = PBXGroup;
			children = (
				B81ADD862CAFE3EA00780B4D /* Calc.app */,
			);
			name = Products;
			sourceTree = "<group>";
		};
		B81ADD882CAFE3EA00780B4D /* Calc */ = {
			isa = PBXGroup;
			children = (
				B81ADDA52CB0102800780B4D /* Models */,
				B81ADDA22CAFFC8700780B4D /* ViewModel */,
				B81ADD9F2CAFE45000780B4D /* Views */,
				B81ADD892CAFE3EA00780B4D /* AppDelegate.swift */,
				B81ADD8B2CAFE3EA00780B4D /* SceneDelegate.swift */,
				B81ADD8F2CAFE3EA00780B4D /* Main.storyboard */,
				B81ADD922CAFE3EC00780B4D /* Assets.xcassets */,
				B81ADD942CAFE3EC00780B4D /* LaunchScreen.storyboard */,
				B81ADD972CAFE3EC00780B4D /* Info.plist */,
			);
			path = Calc;
			sourceTree = "<group>";
		};
		B81ADD9F2CAFE45000780B4D /* Views */ = {
			isa = PBXGroup;
			children = (
				B81ADD9D2CAFE44300780B4D /* Buttons.swift */,
				B81ADDA02CAFF06400780B4D /* HeaderCell.swift */,
				B81ADD8D2CAFE3EA00780B4D /* ViewController.swift */,
			);
			path = Views;
			sourceTree = "<group>";
		};
		B81ADDA22CAFFC8700780B4D /* ViewModel */ = {
			isa = PBXGroup;
			children = (
				B81ADDA32CAFFC9900780B4D /* ViewModel.swift */,
			);
			path = ViewModel;
			sourceTree = "<group>";
		};
		B81ADDA52CB0102800780B4D /* Models */ = {
			isa = PBXGroup;
			children = (
				B81ADDA62CB0103000780B4D /* Model.swift */,
			);
			path = Models;
			sourceTree = "<group>";
		};
/* End PBXGroup section */

/* Begin PBXNativeTarget section */
		B81ADD852CAFE3EA00780B4D /* Calc */ = {
			isa = PBXNativeTarget;
			buildConfigurationList = B81ADD9A2CAFE3EC00780B4D /* Build configuration list for PBXNativeTarget "Calc" */;
			buildPhases = (
				B81ADD822CAFE3EA00780B4D /* Sources */,
				B81ADD832CAFE3EA00780B4D /* Frameworks */,
				B81ADD842CAFE3EA00780B4D /* Resources */,
			);
			buildRules = (
			);
			dependencies = (
			);
			name = Calc;
			productName = Calc;
			productReference = B81ADD862CAFE3EA00780B4D /* Calc.app */;
			productType = "com.apple.product-type.application";
		};
/* End PBXNativeTarget section */

/* Begin PBXProject section */
		B81ADD7E2CAFE3EA00780B4D /* Project object */ = {
			isa = PBXProject;
			attributes = {
				BuildIndependentTargetsInParallel = 1;
				LastSwiftUpdateCheck = 1520;
				LastUpgradeCheck = 1520;
				TargetAttributes = {
					B81ADD852CAFE3EA00780B4D = {
						CreatedOnToolsVersion = 15.2;
					};
				};
			};
			buildConfigurationList = B81ADD812CAFE3EA00780B4D /* Build configuration list for PBXProject "Calc" */;
			compatibilityVersion = "Xcode 14.0";
			developmentRegion = en;
			hasScannedForEncodings = 0;
			knownRegions = (
				en,
				Base,
			);
			mainGroup = B81ADD7D2CAFE3EA00780B4D;
			productRefGroup = B81ADD872CAFE3EA00780B4D /* Products */;
			projectDirPath = "";
			projectRoot = "";
			targets = (
				B81ADD852CAFE3EA00780B4D /* Calc */,
			);
		};
/* End PBXProject section */

/* Begin PBXResourcesBuildPhase section */
		B81ADD842CAFE3EA00780B4D /* Resources */ = {
			isa = PBXResourcesBuildPhase;
			buildActionMask = 2147483647;
			files = (
				B81ADD962CAFE3EC00780B4D /* LaunchScreen.storyboard in Resources */,
				B81ADD932CAFE3EC00780B4D /* Assets.xcassets in Resources */,
				B81ADD912CAFE3EA00780B4D /* Main.storyboard in Resources */,
			);
			runOnlyForDeploymentPostprocessing = 0;
		};
/* End PBXResourcesBuildPhase section */

/* Begin PBXSourcesBuildPhase section */
		B81ADD822CAFE3EA00780B4D /* Sources */ = {
			isa = PBXSourcesBuildPhase;
			buildActionMask = 2147483647;
			files = (
				B81ADDA72CB0103000780B4D /* Model.swift in Sources */,
				B81ADD8E2CAFE3EA00780B4D /* ViewController.swift in Sources */,
				B81ADDA12CAFF06400780B4D /* HeaderCell.swift in Sources */,
				B81ADD8A2CAFE3EA00780B4D /* AppDelegate.swift in Sources */,
				B81ADD8C2CAFE3EA00780B4D /* SceneDelegate.swift in Sources */,
				B81ADDA42CAFFC9900780B4D /* ViewModel.swift in Sources */,
				B81ADD9E2CAFE44300780B4D /* Buttons.swift in Sources */,
			);
			runOnlyForDeploymentPostprocessing = 0;
		};
/* End PBXSourcesBuildPhase section */

/* Begin PBXVariantGroup section */
		B81ADD8F2CAFE3EA00780B4D /* Main.storyboard */ = {
			isa = PBXVariantGroup;
			children = (
				B81ADD902CAFE3EA00780B4D /* Base */,
			);
			name = Main.storyboard;
			sourceTree = "<group>";
		};
		B81ADD942CAFE3EC00780B4D /* LaunchScreen.storyboard */ = {
			isa = PBXVariantGroup;
			children = (
				B81ADD952CAFE3EC00780B4D /* Base */,
			);
			name = LaunchScreen.storyboard;
			sourceTree = "<group>";
		};
/* End PBXVariantGroup section */

/* Begin XCBuildConfiguration section */
		B81ADD982CAFE3EC00780B4D /* Debug */ = {
			isa = XCBuildConfiguration;
			buildSettings = {
				ALWAYS_SEARCH_USER_PATHS = NO;
				ASSETCATALOG_COMPILER_GENERATE_SWIFT_ASSET_SYMBOL_EXTENSIONS = YES;
				CLANG_ANALYZER_NONNULL = YES;
				CLANG_ANALYZER_NUMBER_OBJECT_CONVERSION = YES_AGGRESSIVE;
				CLANG_CXX_LANGUAGE_STANDARD = "gnu++20";
				CLANG_ENABLE_MODULES = YES;
				CLANG_ENABLE_OBJC_ARC = YES;
				CLANG_ENABLE_OBJC_WEAK = YES;
				CLANG_WARN_BLOCK_CAPTURE_AUTORELEASING = YES;
				CLANG_WARN_BOOL_CONVERSION = YES;
				CLANG_WARN_COMMA = YES;
				CLANG_WARN_CONSTANT_CONVERSION = YES;
				CLANG_WARN_DEPRECATED_OBJC_IMPLEMENTATIONS = YES;
				CLANG_WARN_DIRECT_OBJC_ISA_USAGE = YES_ERROR;
				CLANG_WARN_DOCUMENTATION_COMMENTS = YES;
				CLANG_WARN_EMPTY_BODY = YES;
				CLANG_WARN_ENUM_CONVERSION = YES;
				CLANG_WARN_INFINITE_RECURSION = YES;
				CLANG_WARN_INT_CONVERSION = YES;
				CLANG_WARN_NON_LITERAL_NULL_CONVERSION = YES;
				CLANG_WARN_OBJC_IMPLICIT_RETAIN_SELF = YES;
				CLANG_WARN_OBJC_LITERAL_CONVERSION = YES;
				CLANG_WARN_OBJC_ROOT_CLASS = YES_ERROR;
				CLANG_WARN_QUOTED_INCLUDE_IN_FRAMEWORK_HEADER = YES;
				CLANG_WARN_RANGE_LOOP_ANALYSIS = YES;
				CLANG_WARN_STRICT_PROTOTYPES = YES;
				CLANG_WARN_SUSPICIOUS_MOVE = YES;
				CLANG_WARN_UNGUARDED_AVAILABILITY = YES_AGGRESSIVE;
				CLANG_WARN_UNREACHABLE_CODE = YES;
				CLANG_WARN__DUPLICATE_METHOD_MATCH = YES;
				COPY_PHASE_STRIP = NO;
				DEBUG_INFORMATION_FORMAT = dwarf;
				ENABLE_STRICT_OBJC_MSGSEND = YES;
				ENABLE_TESTABILITY = YES;
				ENABLE_USER_SCRIPT_SANDBOXING = YES;
				GCC_C_LANGUAGE_STANDARD = gnu17;
				GCC_DYNAMIC_NO_PIC = NO;
				GCC_NO_COMMON_BLOCKS = YES;
				GCC_OPTIMIZATION_LEVEL = 0;
				GCC_PREPROCESSOR_DEFINITIONS = (
					"DEBUG=1",
					"$(inherited)",
				);
				GCC_WARN_64_TO_32_BIT_CONVERSION = YES;
				GCC_WARN_ABOUT_RETURN_TYPE = YES_ERROR;
				GCC_WARN_UNDECLARED_SELECTOR = YES;
				GCC_WARN_UNINITIALIZED_AUTOS = YES_AGGRESSIVE;
				GCC_WARN_UNUSED_FUNCTION = YES;
				GCC_WARN_UNUSED_VARIABLE = YES;
				IPHONEOS_DEPLOYMENT_TARGET = 17.2;
				LOCALIZATION_PREFERS_STRING_CATALOGS = YES;
				MTL_ENABLE_DEBUG_INFO = INCLUDE_SOURCE;
				MTL_FAST_MATH = YES;
				ONLY_ACTIVE_ARCH = YES;
				SDKROOT = iphoneos;
				SWIFT_ACTIVE_COMPILATION_CONDITIONS = "DEBUG $(inherited)";
				SWIFT_OPTIMIZATION_LEVEL = "-Onone";
			};
			name = Debug;
		};
		B81ADD992CAFE3EC00780B4D /* Release */ = {
			isa = XCBuildConfiguration;
			buildSettings = {
				ALWAYS_SEARCH_USER_PATHS = NO;
				ASSETCATALOG_COMPILER_GENERATE_SWIFT_ASSET_SYMBOL_EXTENSIONS = YES;
				CLANG_ANALYZER_NONNULL = YES;
				CLANG_ANALYZER_NUMBER_OBJECT_CONVERSION = YES_AGGRESSIVE;
				CLANG_CXX_LANGUAGE_STANDARD = "gnu++20";
				CLANG_ENABLE_MODULES = YES;
				CLANG_ENABLE_OBJC_ARC = YES;
				CLANG_ENABLE_OBJC_WEAK = YES;
				CLANG_WARN_BLOCK_CAPTURE_AUTORELEASING = YES;
				CLANG_WARN_BOOL_CONVERSION = YES;
				CLANG_WARN_COMMA = YES;
				CLANG_WARN_CONSTANT_CONVERSION = YES;
				CLANG_WARN_DEPRECATED_OBJC_IMPLEMENTATIONS = YES;
				CLANG_WARN_DIRECT_OBJC_ISA_USAGE = YES_ERROR;
				CLANG_WARN_DOCUMENTATION_COMMENTS = YES;
				CLANG_WARN_EMPTY_BODY = YES;
				CLANG_WARN_ENUM_CONVERSION = YES;
				CLANG_WARN_INFINITE_RECURSION = YES;
				CLANG_WARN_INT_CONVERSION = YES;
				CLANG_WARN_NON_LITERAL_NULL_CONVERSION = YES;
				CLANG_WARN_OBJC_IMPLICIT_RETAIN_SELF = YES;
				CLANG_WARN_OBJC_LITERAL_CONVERSION = YES;
				CLANG_WARN_OBJC_ROOT_CLASS = YES_ERROR;
				CLANG_WARN_QUOTED_INCLUDE_IN_FRAMEWORK_HEADER = YES;
				CLANG_WARN_RANGE_LOOP_ANALYSIS = YES;
				CLANG_WARN_STRICT_PROTOTYPES = YES;
				CLANG_WARN_SUSPICIOUS_MOVE = YES;
				CLANG_WARN_UNGUARDED_AVAILABILITY = YES_AGGRESSIVE;
				CLANG_WARN_UNREACHABLE_CODE = YES;
				CLANG_WARN__DUPLICATE_METHOD_MATCH = YES;
				COPY_PHASE_STRIP = NO;
				DEBUG_INFORMATION_FORMAT = "dwarf-with-dsym";
				ENABLE_NS_ASSERTIONS = NO;
				ENABLE_STRICT_OBJC_MSGSEND = YES;
				ENABLE_USER_SCRIPT_SANDBOXING = YES;
				GCC_C_LANGUAGE_STANDARD = gnu17;
				GCC_NO_COMMON_BLOCKS = YES;
				GCC_WARN_64_TO_32_BIT_CONVERSION = YES;
				GCC_WARN_ABOUT_RETURN_TYPE = YES_ERROR;
				GCC_WARN_UNDECLARED_SELECTOR = YES;
				GCC_WARN_UNINITIALIZED_AUTOS = YES_AGGRESSIVE;
				GCC_WARN_UNUSED_FUNCTION = YES;
				GCC_WARN_UNUSED_VARIABLE = YES;
				IPHONEOS_DEPLOYMENT_TARGET = 17.2;
				LOCALIZATION_PREFERS_STRING_CATALOGS = YES;
				MTL_ENABLE_DEBUG_INFO = NO;
				MTL_FAST_MATH = YES;
				SDKROOT = iphoneos;
				SWIFT_COMPILATION_MODE = wholemodule;
				VALIDATE_PRODUCT = YES;
			};
			name = Release;
		};
		B81ADD9B2CAFE3EC00780B4D /* Debug */ = {
			isa = XCBuildConfiguration;
			buildSettings = {
				ASSETCATALOG_COMPILER_APPICON_NAME = AppIcon;
				ASSETCATALOG_COMPILER_GLOBAL_ACCENT_COLOR_NAME = AccentColor;
				CODE_SIGN_STYLE = Automatic;
				CURRENT_PROJECT_VERSION = 1;
				GENERATE_INFOPLIST_FILE = YES;
				INFOPLIST_FILE = Calc/Info.plist;
				INFOPLIST_KEY_UIApplicationSupportsIndirectInputEvents = YES;
				INFOPLIST_KEY_UILaunchStoryboardName = LaunchScreen;
				INFOPLIST_KEY_UIMainStoryboardFile = Main;
				INFOPLIST_KEY_UISupportedInterfaceOrientations_iPad = "UIInterfaceOrientationPortrait UIInterfaceOrientationPortraitUpsideDown UIInterfaceOrientationLandscapeLeft UIInterfaceOrientationLandscapeRight";
				INFOPLIST_KEY_UISupportedInterfaceOrientations_iPhone = "UIInterfaceOrientationPortrait UIInterfaceOrientationLandscapeLeft UIInterfaceOrientationLandscapeRight";
				LD_RUNPATH_SEARCH_PATHS = (
					"$(inherited)",
					"@executable_path/Frameworks",
				);
				MARKETING_VERSION = 1.0;
				PRODUCT_BUNDLE_IDENTIFIER = i.Calc;
				PRODUCT_NAME = "$(TARGET_NAME)";
				SWIFT_EMIT_LOC_STRINGS = YES;
				SWIFT_VERSION = 5.0;
				TARGETED_DEVICE_FAMILY = "1,2";
			};
			name = Debug;
		};
		B81ADD9C2CAFE3EC00780B4D /* Release */ = {
			isa = XCBuildConfiguration;
			buildSettings = {
				ASSETCATALOG_COMPILER_APPICON_NAME = AppIcon;
				ASSETCATALOG_COMPILER_GLOBAL_ACCENT_COLOR_NAME = AccentColor;
				CODE_SIGN_STYLE = Automatic;
				CURRENT_PROJECT_VERSION = 1;
				GENERATE_INFOPLIST_FILE = YES;
				INFOPLIST_FILE = Calc/Info.plist;
				INFOPLIST_KEY_UIApplicationSupportsIndirectInputEvents = YES;
				INFOPLIST_KEY_UILaunchStoryboardName = LaunchScreen;
				INFOPLIST_KEY_UIMainStoryboardFile = Main;
				INFOPLIST_KEY_UISupportedInterfaceOrientations_iPad = "UIInterfaceOrientationPortrait UIInterfaceOrientationPortraitUpsideDown UIInterfaceOrientationLandscapeLeft UIInterfaceOrientationLandscapeRight";
				INFOPLIST_KEY_UISupportedInterfaceOrientations_iPhone = "UIInterfaceOrientationPortrait UIInterfaceOrientationLandscapeLeft UIInterfaceOrientationLandscapeRight";
				LD_RUNPATH_SEARCH_PATHS = (
					"$(inherited)",
					"@executable_path/Frameworks",
				);
				MARKETING_VERSION = 1.0;
				PRODUCT_BUNDLE_IDENTIFIER = i.Calc;
				PRODUCT_NAME = "$(TARGET_NAME)";
				SWIFT_EMIT_LOC_STRINGS = YES;
				SWIFT_VERSION = 5.0;
				TARGETED_DEVICE_FAMILY = "1,2";
			};
			name = Release;
		};
/* End XCBuildConfiguration section */

/* Begin XCConfigurationList section */
		B81ADD812CAFE3EA00780B4D /* Build configuration list for PBXProject "Calc" */ = {
			isa = XCConfigurationList;
			buildConfigurations = (
				B81ADD982CAFE3EC00780B4D /* Debug */,
				B81ADD992CAFE3EC00780B4D /* Release */,
			);
			defaultConfigurationIsVisible = 0;
			defaultConfigurationName = Release;
		};
		B81ADD9A2CAFE3EC00780B4D /* Build configuration list for PBXNativeTarget "Calc" */ = {
			isa = XCConfigurationList;
			buildConfigurations = (
				B81ADD9B2CAFE3EC00780B4D /* Debug */,
				B81ADD9C2CAFE3EC00780B4D /* Release */,
			);
			defaultConfigurationIsVisible = 0;
			defaultConfigurationName = Release;
		};
/* End XCConfigurationList section */
	};
	rootObject = B81ADD7E2CAFE3EA00780B4D /* Project object */;
}
